{
  "name": "quran-diff-checker",
  "version": "1.0.0",
  "lockfileVersion": 2,
  "requires": true,
  "packages": {
    "": {
      "name": "quran-diff-checker",
      "version": "1.0.0",
      "license": "MIT",
      "dependencies": {
        "diff-match-patch": "^1.0.5",
        "node-fetch": "^2.6.0",
        "node-html-parser": "^1.2.20"
      }
    },
    "node_modules/diff-match-patch": {
      "version": "1.0.5",
      "resolved": "https://registry.npmjs.org/diff-match-patch/-/diff-match-patch-1.0.5.tgz",
      "integrity": "sha512-IayShXAgj/QMXgB0IWmKx+rOPuGMhqm5w6jvFxmVenXKIzRqTAAsbBPT3kWQeGANj3jGgvcvv4yK6SxqYmikgw=="
    },
    "node_modules/he": {
      "version": "1.1.1",
      "resolved": "https://registry.npmjs.org/he/-/he-1.1.1.tgz",
      "integrity": "sha1-k0EP0hsAlzUVH4howvJx80J+I/0=",
      "bin": {
        "he": "bin/he"
      }
    },
    "node_modules/node-fetch": {
      "version": "2.6.1",
      "resolved": "https://registry.npmjs.org/node-fetch/-/node-fetch-2.6.1.tgz",
      "integrity": "sha512-V4aYg89jEoVRxRb2fJdAg8FHvI7cEyYdVAh94HH0UIK8oJxUfkjlDQN9RbMx+bEjP7+ggMiFRprSti032Oipxw==",
      "engines": {
        "node": "4.x || >=6.0.0"
      }
    },
    "node_modules/node-html-parser": {
      "version": "1.2.20",
      "resolved": "https://registry.npmjs.org/node-html-parser/-/node-html-parser-1.2.20.tgz",
      "integrity": "sha512-1fUpYjAducDrrBSE0etRUV1tM+wSFTudmrslMXuk35wL/L29E7e1CLQn4CNzFLnqtYpmDlWhkD6VUloyHA0dwA==",
      "dependencies": {
        "he": "1.1.1"
      }
    }
  },
  "dependencies": {
    "diff-match-patch": {
      "version": "1.0.5",
      "resolved": "https://registry.npmjs.org/diff-match-patch/-/diff-match-patch-1.0.5.tgz",
      "integrity": "sha512-IayShXAgj/QMXgB0IWmKx+rOPuGMhqm5w6jvFxmVenXKIzRqTAAsbBPT3kWQeGANj3jGgvcvv4yK6SxqYmikgw=="
    },
    "he": {
      "version": "1.1.1",
      "resolved": "https://registry.npmjs.org/he/-/he-1.1.1.tgz",
      "integrity": "sha1-k0EP0hsAlzUVH4howvJx80J+I/0="
    },
    "node-fetch": {
      "version": "2.6.1",
      "resolved": "https://registry.npmjs.org/node-fetch/-/node-fetch-2.6.1.tgz",
      "integrity": "sha512-V4aYg89jEoVRxRb2fJdAg8FHvI7cEyYdVAh94HH0UIK8oJxUfkjlDQN9RbMx+bEjP7+ggMiFRprSti032Oipxw=="
    },
    "node-html-parser": {
      "version": "1.2.20",
      "resolved": "https://registry.npmjs.org/node-html-parser/-/node-html-parser-1.2.20.tgz",
      "integrity": "sha512-1fUpYjAducDrrBSE0etRUV1tM+wSFTudmrslMXuk35wL/L29E7e1CLQn4CNzFLnqtYpmDlWhkD6VUloyHA0dwA==",
      "requires": {
        "he": "1.1.1"
      }
    }
  }
}
